{
  "nodes": {
    "nixpkgs": {
      "locked": {
        "lastModified": 1778443072,
        "narHash": "sha256-zi7/fsqM/kFdNuED//4WOCUtezGtKKqRNORjMvfwjnA=",
        "owner": "NixOS",
        "repo": "nixpkgs",
        "rev": "da5ad661ba4e5ef59ba743f0d112cbc30e474f32",
        "type": "github"
      },
      "original": {
        "owner": "NixOS",
        "ref": "nixos-unstable",
        "repo": "nixpkgs",
        "type": "github"
      }
    },
    "nixpkgs-systemd": {
      "locked": {
        "lastModified": 1759514779,
        "narHash": "sha256-ifUlBNPpzssInhPfEJIkndSVpDKGe09a1Fk/TGPsI2M=",
        "owner": "NixOS",
        "repo": "nixpkgs",
        "rev": "d3736636ac39ed678e557977b65d620ca75142d0",
        "type": "github"
      },
      "original": {
        "owner": "NixOS",
        "repo": "nixpkgs",
        "rev": "d3736636ac39ed678e557977b65d620ca75142d0",
        "type": "github"
      }
    },
    "root": {
      "inputs": {
        "nixpkgs": "nixpkgs",
        "nixpkgs-systemd": "nixpkgs-systemd"
      }
    }
  },
  "root": "root",
  "version": 7
}
