{
  "nodes": {
    "nixpkgs": {
      "locked": {
        "lastModified": 1778443072,
        "narHash": "sha256-zi7/fsqM/kFdNuED//4WOCUtezGtKKqRNORjMvfwjnA=",
        "owner": "NixOS",
        "repo": "nixpkgs",
        "rev": "da5ad661ba4e5ef59ba743f0d112cbc30e474f32",
        "type": "github"
      },
      "original": {
        "owner": "NixOS",
        "ref": "nixos-unstable",
        "repo": "nixpkgs",
        "type": "github"
      }
    },
    "nixpkgs-259": {
      "locked": {
        "lastModified": 1773452958,
        "narHash": "sha256-oBUX0TwfrpAAluiQ7uFj/dM5R9yynwgNUqPMB4hGqVk=",
        "owner": "NixOS",
        "repo": "nixpkgs",
        "rev": "666304f6f14b59f7e6edb360e1fc161b8ebf6a21",
        "type": "github"
      },
      "original": {
        "owner": "NixOS",
        "repo": "nixpkgs",
        "rev": "666304f6f14b59f7e6edb360e1fc161b8ebf6a21",
        "type": "github"
      }
    },
    "root": {
      "inputs": {
        "nixpkgs": "nixpkgs",
        "nixpkgs-259": "nixpkgs-259"
      }
    }
  },
  "root": "root",
  "version": 7
}
